
Microsoft Visual Studio Solution File, Format Version 12.00
# Visual Studio Version 16
VisualStudioVersion = 25.0.1706.7
MinimumVisualStudioVersion = 10.0.40219.1
Project("{FAE04EC0-301F-11D3-BF4B-00C04F79EFBC}") = "CancelationTokenApp_4M", "CancelationTokenApp_4M\CancelationTokenApp_4M.csproj", "{9E33D3DA-3AFB-4BF4-900E-5FCCC271BD49}"
EndProject
Global
	GlobalSection(SolutionConfigurationPlatforms) = preSolution
		Debug|Any CPU = Debug|Any CPU
		Release|Any CPU = Release|Any CPU
	EndGlobalSection
	GlobalSection(ProjectConfigurationPlatforms) = postSolution
		{9E33D3DA-3AFB-4BF4-900E-5FCCC271BD49}.Debug|Any CPU.ActiveCfg = Debug|Any CPU
		{9E33D3DA-3AFB-4BF4-900E-5FCCC271BD49}.Debug|Any CPU.Build.0 = Debug|Any CPU
		{9E33D3DA-3AFB-4BF4-900E-5FCCC271BD49}.Release|Any CPU.ActiveCfg = Release|Any CPU
		{9E33D3DA-3AFB-4BF4-900E-5FCCC271BD49}.Release|Any CPU.Build.0 = Release|Any CPU
	EndGlobalSection
	GlobalSection(SolutionProperties) = preSolution
		HideSolutionNode = FALSE
	EndGlobalSection
	GlobalSection(ExtensibilityGlobals) = postSolution
		SolutionGuid = {8D93A72A-04D2-4E09-BCC7-5D402839B072}
	EndGlobalSection
EndGlobal
